# This file is autogenerated, do not edit; changes may be undone by the next 'dep ensure'.


[[projects]]
  branch = "master"
  digest = "1:1e34eb32b95242aa7c64217164296b40fe026c14c46a8581aca7918118d7b6b8"
  name = "code.cloudfoundry.org/bytefmt"
  packages = ["."]
  pruneopts = "NUT"
  revision = "2aa6f33b730c79971cfc3c742f279195b0abc627"

[[projects]]
  branch = "master"
  digest = "1:41531922c7f47d5157308b4dd1abc6142c4c583845ce424ed9664db867fa48cf"
  name = "code.cloudfoundry.org/clock"
  packages = [
    ".",
    "fakeclock",
  ]
  pruneopts = "NUT"
  revision = "02e53af36e6c978af692887ed449b74026d76fec"

[[projects]]
  digest = "1:fc6f7bd5a7f7e6bfe171ba8f4782dd224246f5eb0dee69a9c9321d1975f36d4d"
  name = "code.cloudfoundry.org/lager"
  packages = [
    ".",
    "lagerctx",
    "lagertest",
  ]
  pruneopts = "NUT"
  revision = "b60e04e119450552243196105bae0d42179ee0ca"
  version = "v1.1.0"

[[projects]]
  digest = "1:97176fe8a268479a527d08df458c269dc27abf59c1643807d4e36398cbd9ef2d"
  name = "github.com/docker/go-units"
  packages = ["."]
  pruneopts = "NUT"
  revision = "519db1ee28dcc9fd2474ae59fca29a810482bfb1"
  version = "v0.4.0"

[[projects]]
  digest = "1:41933d387bfa3eaa6a82647914ed7044f7b8355764c24fb920892bc8c03ef0c3"
  name = "github.com/hpcloud/tail"
  packages = [
    ".",
    "ratelimiter",
    "util",
    "watch",
    "winfile",
  ]
  pruneopts = "NUT"
  revision = "a30252cb686a21eb2d0b98132633053ec2f7f1e5"
  version = "v1.0.0"

[[projects]]
  digest = "1:406338ad39ab2e37b7f4452906442a3dbf0eb3379dd1f06aafb5c07e769a5fbb"
  name = "github.com/inconshreveable/mousetrap"
  packages = ["."]
  pruneopts = "NUT"
  revision = "76626ae9c91c4f2a10f34cad8ce83ea42c93bb75"
  version = "v1.0"

[[projects]]
  digest = "1:58999a98719fddbac6303cb17e8d85b945f60b72f48e3a2df6b950b97fa926f1"
  name = "github.com/konsorten/go-windows-terminal-sequences"
  packages = ["."]
  pruneopts = "NUT"
  revision = "f55edac94c9bbba5d6182a4be46d86a2c9b5b50e"
  version = "v1.0.2"

[[projects]]
  digest = "1:563fcc691498b68d6236cb0f9f224e5214d89c4588922bc1d307279f7bde6de6"
  name = "github.com/kr/pty"
  packages = ["."]
  pruneopts = "NUT"
  revision = "521317be5ebc228a0f0ede099fa2a0b5ece22e49"
  version = "v1.1.4"

[[projects]]
  digest = "1:0d33e8f4230cafee906332f45cc456ce2b66ac18a1edc40a9c87e3e68682d08b"
  name = "github.com/maxbrunsfeld/counterfeiter"
  packages = [
    ".",
    "arguments",
    "generator",
  ]
  pruneopts = "NUT"
  revision = "2d74a219416bffff638e30a3775c76715f1968a7"
  version = "v6.0.1"

[[projects]]
  digest = "1:dbc24dd0591271d269786adff7458f2c1437305091e41979c5495efe3df09ab8"
  name = "github.com/onsi/ginkgo"
  packages = [
    ".",
    "config",
    "extensions/table",
    "ginkgo",
    "ginkgo/convert",
    "ginkgo/interrupthandler",
    "ginkgo/nodot",
    "ginkgo/testrunner",
    "ginkgo/testsuite",
    "ginkgo/watch",
    "internal/codelocation",
    "internal/containernode",
    "internal/failer",
    "internal/leafnodes",
    "internal/remote",
    "internal/spec",
    "internal/spec_iterator",
    "internal/specrunner",
    "internal/suite",
    "internal/testingtproxy",
    "internal/writer",
    "reporters",
    "reporters/stenographer",
    "reporters/stenographer/support/go-colorable",
    "reporters/stenographer/support/go-isatty",
    "types",
  ]
  pruneopts = "NUT"
  revision = "eea6ad008b96acdaa524f5b409513bf062b500ad"
  version = "v1.8.0"

[[projects]]
  digest = "1:01797bb0a7bd98751c65dff3461b9f948e3be09c443d179468781720326b09fe"
  name = "github.com/onsi/gomega"
  packages = [
    ".",
    "format",
    "gbytes",
    "gexec",
    "internal/assertion",
    "internal/asyncassertion",
    "internal/oraclematcher",
    "internal/testingtsupport",
    "matchers",
    "matchers/support/goraph/bipartitegraph",
    "matchers/support/goraph/edge",
    "matchers/support/goraph/node",
    "matchers/support/goraph/util",
    "types",
  ]
  pruneopts = "NUT"
  revision = "90e289841c1ed79b7a598a7cd9959750cb5e89e2"
  version = "v1.5.0"

[[projects]]
  digest = "1:b1e3754f56542aef9a2c4af00cedfa705c2fa5c4726fbc644c81cc7d7663d8e0"
  name = "github.com/opencontainers/runc"
  packages = [
    "libcontainer/cgroups",
    "libcontainer/configs",
    "libcontainer/mount",
    "libcontainer/utils",
  ]
  pruneopts = "NUT"
  revision = "425e105d5a03fabd737a126ad93d62a9eeede87f"
  version = "v1.0.0-rc8"

[[projects]]
  digest = "1:57234a321bf1f8f98a8a9a5122a2404cc60d0800516f4ab7a7b2375e4b2d19ea"
  name = "github.com/opencontainers/runtime-spec"
  packages = ["specs-go"]
  pruneopts = "NUT"
  revision = "4e3b9264a330d094b0386c3703c5f379119711e8"
  version = "v1.0.1"

[[projects]]
  digest = "1:6bc0652ea6e39e22ccd522458b8bdd8665bf23bdc5a20eec90056e4dc7e273ca"
  name = "github.com/satori/go.uuid"
  packages = ["."]
  pruneopts = "NUT"
  revision = "f58768cc1a7a7e77a3bd49e98cdd21419399b6a3"
  version = "v1.2.0"

[[projects]]
  digest = "1:998e4640c25e00ccb7b2569bf94562283937b8afb3485c0e1a0a05a15330240d"
  name = "github.com/sirupsen/logrus"
  packages = ["."]
  pruneopts = "NUT"
  revision = "8bdbc7bcc01dcbb8ec23dc8a28e332258d25251f"
  version = "v1.4.1"

[[projects]]
  digest = "1:343d44e06621142ab09ae0c76c1799104cdfddd3ffb445d78b1adf8dc3ffaf3d"
  name = "github.com/spf13/cobra"
  packages = ["."]
  pruneopts = "NUT"
  revision = "ef82de70bb3f60c65fb8eebacbb2d122ef517385"
  version = "v0.0.3"

[[projects]]
  digest = "1:9d8420bbf131d1618bde6530af37c3799340d3762cc47210c1d9532a4c3a2779"
  name = "github.com/spf13/pflag"
  packages = ["."]
  pruneopts = "NUT"
  revision = "298182f68c66c05229eb03ac171abe6e309ee79a"
  version = "v1.0.3"

[[projects]]
  branch = "master"
  digest = "1:a167b5c532f3245f5a147ade26185f16d6ee8f8d3f6c9846f447e9d8b9705505"
  name = "golang.org/x/net"
  packages = [
    "html",
    "html/atom",
    "html/charset",
  ]
  pruneopts = "NUT"
  revision = "7f726cade0ab7c929c16ce0b5b25bd201e25f39f"

[[projects]]
  branch = "master"
  digest = "1:4b90c07c5ae97866c3c318a1aed0d356c4b3333afa0b427561d93611a6ab9b83"
  name = "golang.org/x/sys"
  packages = ["unix"]
  pruneopts = "NUT"
  revision = "a43fa875dd822b81eb6d2ad538bc1f4caba169bd"

[[projects]]
  digest = "1:8a0baffd5559acaa560f854d7d525c02f4fec2d4f8a214398556fb661a10f6e0"
  name = "golang.org/x/text"
  packages = [
    "encoding",
    "encoding/charmap",
    "encoding/htmlindex",
    "encoding/internal",
    "encoding/internal/identifier",
    "encoding/japanese",
    "encoding/korean",
    "encoding/simplifiedchinese",
    "encoding/traditionalchinese",
    "encoding/unicode",
    "internal/gen",
    "internal/language",
    "internal/language/compact",
    "internal/tag",
    "internal/utf8internal",
    "language",
    "runes",
    "transform",
    "unicode/cldr",
  ]
  pruneopts = "NUT"
  revision = "342b2e1fbaa52c93f31447ad2c6abc048c63e475"
  version = "v0.3.2"

[[projects]]
  branch = "master"
  digest = "1:93f3f17886abf8d17ff07ece88d6e1974226f5638d216041bd2234ca03ef848c"
  name = "golang.org/x/tools"
  packages = [
    "go/ast/astutil",
    "go/gcexportdata",
    "go/internal/gcimporter",
    "go/internal/packagesdriver",
    "go/packages",
    "go/types/typeutil",
    "imports",
    "internal/fastwalk",
    "internal/gopathwalk",
    "internal/module",
    "internal/semver",
  ]
  pruneopts = "NUT"
  revision = "23463209683dad3f2b9cc7f7c2663e1847c59017"

[[projects]]
  digest = "1:1b91ae0dc69a41d4c2ed23ea5cffb721ea63f5037ca4b81e6d6771fbb8f45129"
  name = "gopkg.in/fsnotify.v1"
  packages = ["."]
  pruneopts = "NUT"
  revision = "c2828203cd70a50dcccfb2761f8b1f8ceef9a8e9"
  source = "https://github.com/fsnotify/fsnotify.git"
  version = "v1.4.7"

[[projects]]
  branch = "v1"
  digest = "1:8fb1ccb16a6cfecbfdfeb84d8ea1cc7afa8f9ef16526bc2326f72d993e32cef1"
  name = "gopkg.in/tomb.v1"
  packages = ["."]
  pruneopts = "NUT"
  revision = "dd632973f1e7218eb1089048e0798ec9ae7dceb8"

[[projects]]
  branch = "v2"
  digest = "1:1d7dce90c23a254fb19aeff938f84b86db5ae412c1246d6a15e0b210744524d4"
  name = "gopkg.in/yaml.v2"
  packages = ["."]
  pruneopts = "NUT"
  revision = "7b8349ac747c6a24702b762d2c4fd9266cf4f1d6"

[solve-meta]
  analyzer-name = "dep"
  analyzer-version = 1
  input-imports = [
    "code.cloudfoundry.org/bytefmt",
    "code.cloudfoundry.org/clock",
    "code.cloudfoundry.org/clock/fakeclock",
    "code.cloudfoundry.org/lager",
    "code.cloudfoundry.org/lager/lagertest",
    "github.com/kr/pty",
    "github.com/maxbrunsfeld/counterfeiter",
    "github.com/onsi/ginkgo",
    "github.com/onsi/ginkgo/extensions/table",
    "github.com/onsi/ginkgo/ginkgo",
    "github.com/onsi/gomega",
    "github.com/onsi/gomega/gbytes",
    "github.com/onsi/gomega/gexec",
    "github.com/onsi/gomega/types",
    "github.com/opencontainers/runc/libcontainer/cgroups",
    "github.com/opencontainers/runc/libcontainer/mount",
    "github.com/opencontainers/runc/libcontainer/utils",
    "github.com/opencontainers/runtime-spec/specs-go",
    "github.com/satori/go.uuid",
    "github.com/spf13/cobra",
    "golang.org/x/sys/unix",
    "gopkg.in/yaml.v2",
  ]
  solver-name = "gps-cdcl"
  solver-version = 1
