# This file is autogenerated, do not edit; changes may be undone by the next 'dep ensure'.


[[projects]]
  branch = "master"
  name = "code.cloudfoundry.org/bytefmt"
  packages = ["."]
  revision = "b31f603f5e1e047fdb38584e1a922dcc5c4de5c8"

[[projects]]
  branch = "master"
  name = "code.cloudfoundry.org/clock"
  packages = [
    ".",
    "fakeclock"
  ]
  revision = "e9dc86bbf0e5bbe6bf7ff5a6f71e048959b61f71"

[[projects]]
  name = "code.cloudfoundry.org/lager"
  packages = [
    ".",
    "lagerctx",
    "lagertest"
  ]
  revision = "0bfa98e49e7a976af91e918d47978f07c00b081f"
  version = "v1.0.0"

[[projects]]
  name = "github.com/inconshreveable/mousetrap"
  packages = ["."]
  revision = "76626ae9c91c4f2a10f34cad8ce83ea42c93bb75"
  version = "v1.0"

[[projects]]
  name = "github.com/kr/pty"
  packages = ["."]
  revision = "282ce0e5322c82529687d609ee670fac7c7d917c"
  version = "v1.1.1"

[[projects]]
  name = "github.com/maxbrunsfeld/counterfeiter"
  packages = [
    ".",
    "arguments",
    "astutil",
    "generator",
    "locator",
    "model",
    "terminal"
  ]
  revision = "c1f2005ff133f81907ce72f3d20e1169799317fe"
  version = "v5"

[[projects]]
  name = "github.com/onsi/ginkgo"
  packages = [
    ".",
    "config",
    "ginkgo",
    "ginkgo/convert",
    "ginkgo/interrupthandler",
    "ginkgo/nodot",
    "ginkgo/testrunner",
    "ginkgo/testsuite",
    "ginkgo/watch",
    "internal/codelocation",
    "internal/containernode",
    "internal/failer",
    "internal/leafnodes",
    "internal/remote",
    "internal/spec",
    "internal/spec_iterator",
    "internal/specrunner",
    "internal/suite",
    "internal/testingtproxy",
    "internal/writer",
    "reporters",
    "reporters/stenographer",
    "reporters/stenographer/support/go-colorable",
    "reporters/stenographer/support/go-isatty",
    "types"
  ]
  revision = "9eda700730cba42af70d53180f9dcce9266bc2bc"
  version = "v1.4.0"

[[projects]]
  name = "github.com/onsi/gomega"
  packages = [
    ".",
    "format",
    "gbytes",
    "gexec",
    "internal/assertion",
    "internal/asyncassertion",
    "internal/oraclematcher",
    "internal/testingtsupport",
    "matchers",
    "matchers/support/goraph/bipartitegraph",
    "matchers/support/goraph/edge",
    "matchers/support/goraph/node",
    "matchers/support/goraph/util",
    "types"
  ]
  revision = "003f63b7f4cff3fc95357005358af2de0f5fe152"
  version = "v1.3.0"

[[projects]]
  name = "github.com/opencontainers/runtime-spec"
  packages = ["specs-go"]
  revision = "4e3b9264a330d094b0386c3703c5f379119711e8"
  version = "v1.0.1"

[[projects]]
  name = "github.com/satori/go.uuid"
  packages = ["."]
  revision = "f58768cc1a7a7e77a3bd49e98cdd21419399b6a3"
  version = "v1.2.0"

[[projects]]
  name = "github.com/spf13/cobra"
  packages = ["."]
  revision = "7b2c5ac9fc04fc5efafb60700713d4fa609b777b"
  version = "v0.0.1"

[[projects]]
  name = "github.com/spf13/pflag"
  packages = ["."]
  revision = "e57e3eeb33f795204c1ca35f56c44f83227c6e66"
  version = "v1.0.0"

[[projects]]
  branch = "master"
  name = "golang.org/x/crypto"
  packages = ["ssh/terminal"]
  revision = "88942b9c40a4c9d203b82b3731787b672d6e809b"

[[projects]]
  branch = "master"
  name = "golang.org/x/net"
  packages = [
    "html",
    "html/atom",
    "html/charset"
  ]
  revision = "6078986fec03a1dcc236c34816c71b0e05018fda"

[[projects]]
  branch = "master"
  name = "golang.org/x/sys"
  packages = [
    "unix",
    "windows"
  ]
  revision = "91ee8cde435411ca3f1cd365e8f20131aed4d0a1"

[[projects]]
  name = "golang.org/x/text"
  packages = [
    "encoding",
    "encoding/charmap",
    "encoding/htmlindex",
    "encoding/internal",
    "encoding/internal/identifier",
    "encoding/japanese",
    "encoding/korean",
    "encoding/simplifiedchinese",
    "encoding/traditionalchinese",
    "encoding/unicode",
    "internal/gen",
    "internal/tag",
    "internal/utf8internal",
    "language",
    "runes",
    "transform",
    "unicode/cldr"
  ]
  revision = "f21a4dfb5e38f5895301dc265a8def02365cc3d0"
  version = "v0.3.0"

[[projects]]
  branch = "master"
  name = "golang.org/x/tools"
  packages = [
    "go/ast/astutil",
    "imports"
  ]
  revision = "2226533658007779ffd629b495a088530c84dc50"

[[projects]]
  name = "gopkg.in/yaml.v2"
  packages = ["."]
  revision = "7f97868eec74b32b0982dd158a51a446d1da7eb5"
  version = "v2.1.1"

[solve-meta]
  analyzer-name = "dep"
  analyzer-version = 1
  inputs-digest = "5a046f1f302944dd047e46fbe1efc6b2de12504a81e201af0d3cdb2980f11c69"
  solver-name = "gps-cdcl"
  solver-version = 1
